{
  "originHash" : "39513b8205f5efe1e6f9a037593dac57a506c8cc94e5b5abb2d76f97e02605ca",
  "pins" : [
    {
      "identity" : "wand",
      "kind" : "remoteSourceControl",
      "location" : "https://github.com/The-Wand/Wand.git",
      "state" : {
        "revision" : "e22c561918686522f49c0daf9dfd7e9b889e31c6",
        "version" : "2.0.13"
      }
    }
  ],
  "version" : 3
}
