{
  "originHash" : "39513b8205f5efe1e6f9a037593dac57a506c8cc94e5b5abb2d76f97e02605ca",
  "pins" : [
    {
      "identity" : "wand",
      "kind" : "remoteSourceControl",
      "location" : "https://github.com/The-Wand/Wand.git",
      "state" : {
        "revision" : "a132182b3ebe58d71fdeaab119a4a8e68805a6a4",
        "version" : "3.0.5"
      }
    }
  ],
  "version" : 3
}
