{
  "originHash" : "39513b8205f5efe1e6f9a037593dac57a506c8cc94e5b5abb2d76f97e02605ca",
  "pins" : [
    {
      "identity" : "wand",
      "kind" : "remoteSourceControl",
      "location" : "https://github.com/The-Wand/Wand.git",
      "state" : {
        "revision" : "dc59d75e9eeca7d5709da4c066e6beccc5007c9b",
        "version" : "2.0.11"
      }
    }
  ],
  "version" : 3
}
